
Microsoft Visual Studio Solution File, Format Version 12.00
# Visual Studio 15
VisualStudioVersion = 15.0.27703.2042
MinimumVisualStudioVersion = 10.0.40219.1
Project("{8BC9CEB8-8B4A-11D0-8D11-00A0C91BC942}") = "TestIsaacClone", "TestIsaacClone\TestIsaacClone.vcxproj", "{C4B9856E-5CD1-4CC0-B41E-906EC8DE1E6E}"
EndProject
Global
	GlobalSection(SolutionConfigurationPlatforms) = preSolution
		Debug|x64 = Debug|x64
		Debug|x86 = Debug|x86
		Release|x64 = Release|x64
		Release|x86 = Release|x86
	EndGlobalSection
	GlobalSection(ProjectConfigurationPlatforms) = postSolution
		{C4B9856E-5CD1-4CC0-B41E-906EC8DE1E6E}.Debug|x64.ActiveCfg = Debug|x64
		{C4B9856E-5CD1-4CC0-B41E-906EC8DE1E6E}.Debug|x64.Build.0 = Debug|x64
		{C4B9856E-5CD1-4CC0-B41E-906EC8DE1E6E}.Debug|x86.ActiveCfg = Debug|Win32
		{C4B9856E-5CD1-4CC0-B41E-906EC8DE1E6E}.Debug|x86.Build.0 = Debug|Win32
		{C4B9856E-5CD1-4CC0-B41E-906EC8DE1E6E}.Release|x64.ActiveCfg = Release|x64
		{C4B9856E-5CD1-4CC0-B41E-906EC8DE1E6E}.Release|x64.Build.0 = Release|x64
		{C4B9856E-5CD1-4CC0-B41E-906EC8DE1E6E}.Release|x86.ActiveCfg = Release|Win32
		{C4B9856E-5CD1-4CC0-B41E-906EC8DE1E6E}.Release|x86.Build.0 = Release|Win32
	EndGlobalSection
	GlobalSection(SolutionProperties) = preSolution
		HideSolutionNode = FALSE
	EndGlobalSection
	GlobalSection(ExtensibilityGlobals) = postSolution
		SolutionGuid = {D2E5CDAB-E6C0-47FD-9A03-F6D163B76CC9}
	EndGlobalSection
EndGlobal
