
Microsoft Visual Studio Solution File, Format Version 12.00
# Visual Studio Version 16
VisualStudioVersion = 16.0.33130.400
MinimumVisualStudioVersion = 10.0.40219.1
Project("{8BC9CEB8-8B4A-11D0-8D11-00A0C91BC942}") = "std140-layout", "std140-layout\std140-layout.vcxproj", "{2BF82D6B-EA7C-4268-83BF-42874236C223}"
EndProject
Global
	GlobalSection(SolutionConfigurationPlatforms) = preSolution
		Debug|x64 = Debug|x64
		Debug|x86 = Debug|x86
		Release|x64 = Release|x64
		Release|x86 = Release|x86
	EndGlobalSection
	GlobalSection(ProjectConfigurationPlatforms) = postSolution
		{2BF82D6B-EA7C-4268-83BF-42874236C223}.Debug|x64.ActiveCfg = Debug|x64
		{2BF82D6B-EA7C-4268-83BF-42874236C223}.Debug|x64.Build.0 = Debug|x64
		{2BF82D6B-EA7C-4268-83BF-42874236C223}.Debug|x86.ActiveCfg = Debug|Win32
		{2BF82D6B-EA7C-4268-83BF-42874236C223}.Debug|x86.Build.0 = Debug|Win32
		{2BF82D6B-EA7C-4268-83BF-42874236C223}.Release|x64.ActiveCfg = Release|x64
		{2BF82D6B-EA7C-4268-83BF-42874236C223}.Release|x64.Build.0 = Release|x64
		{2BF82D6B-EA7C-4268-83BF-42874236C223}.Release|x86.ActiveCfg = Release|Win32
		{2BF82D6B-EA7C-4268-83BF-42874236C223}.Release|x86.Build.0 = Release|Win32
	EndGlobalSection
	GlobalSection(SolutionProperties) = preSolution
		HideSolutionNode = FALSE
	EndGlobalSection
	GlobalSection(ExtensibilityGlobals) = postSolution
		SolutionGuid = {2C56CA2F-604B-46F0-8368-E701623FFF4C}
	EndGlobalSection
EndGlobal
