
Microsoft Visual Studio Solution File, Format Version 12.00
# Visual Studio 15
VisualStudioVersion = 15.0.27703.2042
MinimumVisualStudioVersion = 10.0.40219.1
Project("{8BC9CEB8-8B4A-11D0-8D11-00A0C91BC942}") = "BindingOfIsaac", "BindingOfIsaac\BindingOfIsaac.vcxproj", "{33A123F5-AD99-45D5-A3EF-1D5304EC8A0E}"
EndProject
Global
	GlobalSection(SolutionConfigurationPlatforms) = preSolution
		Debug|x64 = Debug|x64
		Debug|x86 = Debug|x86
		Release|x64 = Release|x64
		Release|x86 = Release|x86
	EndGlobalSection
	GlobalSection(ProjectConfigurationPlatforms) = postSolution
		{33A123F5-AD99-45D5-A3EF-1D5304EC8A0E}.Debug|x64.ActiveCfg = Debug|x64
		{33A123F5-AD99-45D5-A3EF-1D5304EC8A0E}.Debug|x64.Build.0 = Debug|x64
		{33A123F5-AD99-45D5-A3EF-1D5304EC8A0E}.Debug|x86.ActiveCfg = Debug|Win32
		{33A123F5-AD99-45D5-A3EF-1D5304EC8A0E}.Debug|x86.Build.0 = Debug|Win32
		{33A123F5-AD99-45D5-A3EF-1D5304EC8A0E}.Release|x64.ActiveCfg = Release|x64
		{33A123F5-AD99-45D5-A3EF-1D5304EC8A0E}.Release|x64.Build.0 = Release|x64
		{33A123F5-AD99-45D5-A3EF-1D5304EC8A0E}.Release|x86.ActiveCfg = Release|Win32
		{33A123F5-AD99-45D5-A3EF-1D5304EC8A0E}.Release|x86.Build.0 = Release|Win32
	EndGlobalSection
	GlobalSection(SolutionProperties) = preSolution
		HideSolutionNode = FALSE
	EndGlobalSection
	GlobalSection(ExtensibilityGlobals) = postSolution
		SolutionGuid = {F4D04D17-A29B-4D64-BC0F-EC349D38A16D}
	EndGlobalSection
EndGlobal
